{
  "name": "dostalo",
  "version": "0.1.0",
  "lockfileVersion": 2,
  "requires": true,
  "packages": {
    "": {
      "name": "dostalo",
      "version": "0.1.0",
      "license": "GPL-3.0-or-later",
      "dependencies": {
        "rambda": "^7.0.3"
      }
    },
    "node_modules/rambda": {
      "version": "7.0.3",
      "resolved": "https://registry.npmjs.org/rambda/-/rambda-7.0.3.tgz",
      "integrity": "sha512-vRkFoukpx9PTmYyOjMZ6+anbDI9BrjaAepigsSOVQcgy7dZKMHM26m1/r8BvegeBCM8qBwr1m/+rufgNKRrofw=="
    }
  },
  "dependencies": {
    "rambda": {
      "version": "7.0.3",
      "resolved": "https://registry.npmjs.org/rambda/-/rambda-7.0.3.tgz",
      "integrity": "sha512-vRkFoukpx9PTmYyOjMZ6+anbDI9BrjaAepigsSOVQcgy7dZKMHM26m1/r8BvegeBCM8qBwr1m/+rufgNKRrofw=="
    }
  }
}
